
Microsoft Visual Studio Solution File, Format Version 12.00
# Visual Studio Version 16
VisualStudioVersion = 25.0.1704.4
MinimumVisualStudioVersion = 10.0.40219.1
Project("{FAE04EC0-301F-11D3-BF4B-00C04F79EFBC}") = "AzureDevOpsWebApp", "AzureDevOpsWebApp.csproj", "{6E9C8A5A-36EB-451E-96DB-6231A7F175E6}"
EndProject
Global
	GlobalSection(SolutionConfigurationPlatforms) = preSolution
		Debug|Any CPU = Debug|Any CPU
		Release|Any CPU = Release|Any CPU
	EndGlobalSection
	GlobalSection(ProjectConfigurationPlatforms) = postSolution
		{6E9C8A5A-36EB-451E-96DB-6231A7F175E6}.Debug|Any CPU.ActiveCfg = Debug|Any CPU
		{6E9C8A5A-36EB-451E-96DB-6231A7F175E6}.Debug|Any CPU.Build.0 = Debug|Any CPU
		{6E9C8A5A-36EB-451E-96DB-6231A7F175E6}.Release|Any CPU.ActiveCfg = Release|Any CPU
		{6E9C8A5A-36EB-451E-96DB-6231A7F175E6}.Release|Any CPU.Build.0 = Release|Any CPU
	EndGlobalSection
	GlobalSection(SolutionProperties) = preSolution
		HideSolutionNode = FALSE
	EndGlobalSection
	GlobalSection(ExtensibilityGlobals) = postSolution
		SolutionGuid = {74C88A68-3952-4344-9F3F-2D4A61B1BC12}
	EndGlobalSection
EndGlobal
